<?xml version="1.0" encoding="utf-8"?>
<Project ToolsVersion="4.0" xmlns="http://schemas.microsoft.com/developer/msbuild/2003">
  <ItemGroup>
    <Filter Include="lib">
      <UniqueIdentifier>{4e8b4e30-9cf9-42a4-a82f-34005fe7b29b}</UniqueIdentifier>
    </Filter>
    <Filter Include="src">
      <UniqueIdentifier>{c830aa5f-c4cc-4ad6-b7f3-34fa96747149}</UniqueIdentifier>
    </Filter>
    <Filter Include="lib\api">
      <UniqueIdentifier>{9a76d90c-c5d7-4900-8224-adf682be1717}</UniqueIdentifier>
    </Filter>
    <Filter Include="lib\nodes">
      <UniqueIdentifier>{c9bca3fb-f7da-4582-b031-34e9d2fc98eb}</UniqueIdentifier>
    </Filter>
    <Filter Include="lib\nodes\image">
      <UniqueIdentifier>{841ed894-d29a-4943-9dca-ae69375618bf}</UniqueIdentifier>
    </Filter>
    <Filter Include="lib\document">
      <UniqueIdentifier>{205663ca-ee15-4bd4-a2f3-5ac4334d422f}</UniqueIdentifier>
    </Filter>
    <Filter Include="lib\language">
      <UniqueIdentifier>{c5ad18c5-e0f1-4f60-9311-096c32174048}</UniqueIdentifier>
    </Filter>
    <Filter Include="lib\language\parser">
      <UniqueIdentifier>{a4394686-e428-4f10-8ae4-c40205d89899}</UniqueIdentifier>
    </Filter>
    <Filter Include="lib\language\ast">
      <UniqueIdentifier>{61b835ba-811c-4372-9823-3de2dbecd34f}</UniqueIdentifier>
    </Filter>
    <Filter Include="lib\primatives">
      <UniqueIdentifier>{e4e43b06-b9f2-424a-b444-aa4c4d55c3ff}</UniqueIdentifier>
    </Filter>
    <Filter Include="lib\primatives\gpu">
      <UniqueIdentifier>{b1ba17ee-f9da-400b-bc07-7cf23fbb52b4}</UniqueIdentifier>
    </Filter>
    <Filter Include="lib\primatives\window">
      <UniqueIdentifier>{ba48dd07-da70-4fce-83f4-299fd1a6cc62}</UniqueIdentifier>
    </Filter>
    <Filter Include="lib\nodes\text">
      <UniqueIdentifier>{042f426d-8751-4da4-9b8e-1911dd0bfd18}</UniqueIdentifier>
    </Filter>
    <Filter Include="github">
      <UniqueIdentifier>{1b028367-6025-4feb-bf62-df27df0929b3}</UniqueIdentifier>
    </Filter>
    <Filter Include="lib\nodes\canvas">
      <UniqueIdentifier>{1837a490-4524-4ab5-bbd3-8ddca78e5e62}</UniqueIdentifier>
    </Filter>
    <Filter Include="lib\nodes\graph">
      <UniqueIdentifier>{b6cfe4b5-2a08-4e6d-b58c-faa95ea11e7c}</UniqueIdentifier>
    </Filter>
    <Filter Include="lib\nodes\histogram">
      <UniqueIdentifier>{da6aea32-e110-4da2-b515-a4861c2e2a80}</UniqueIdentifier>
    </Filter>
    <Filter Include="lib\nodes\common">
      <UniqueIdentifier>{e2a854cc-4cfe-4c3f-bbc2-5df5a1d0d15a}</UniqueIdentifier>
    </Filter>
  </ItemGroup>
  <ItemGroup>
    <ClCompile Include="gpu.cpp">
      <Filter>lib\primatives\gpu</Filter>
    </ClCompile>
    <ClCompile Include="iwindow.cpp">
      <Filter>lib\primatives\window</Filter>
    </ClCompile>
    <ClCompile Include="itextnode.cpp">
      <Filter>lib\nodes\text</Filter>
    </ClCompile>
    <ClCompile Include="igraphnode.cpp">
      <Filter>lib\nodes\graph</Filter>
    </ClCompile>
    <ClCompile Include="iimagenode.cpp">
      <Filter>lib\nodes\image</Filter>
    </ClCompile>
    <ClCompile Include="main.cpp">
      <Filter>src</Filter>
    </ClCompile>
    <ClCompile Include="lintel.cpp">
      <Filter>lib\api</Filter>
    </ClCompile>
    <ClCompile Include="lexer.cpp">
      <Filter>lib\language\parser</Filter>
    </ClCompile>
    <ClCompile Include="parser.cpp">
      <Filter>lib\language\parser</Filter>
    </ClCompile>
    <ClCompile Include="parser.h">
      <Filter>lib\language\parser</Filter>
    </ClCompile>
    <ClCompile Include="ast.cpp">
      <Filter>lib\language\ast</Filter>
    </ClCompile>
    <ClCompile Include="stylesheet.cpp">
      <Filter>lib\api</Filter>
    </ClCompile>
    <ClCompile Include="canvas.cpp">
      <Filter>lib\primatives\gpu</Filter>
    </ClCompile>
    <ClCompile Include="document.cpp">
      <Filter>lib\document</Filter>
    </ClCompile>
    <ClCompile Include="registry.cpp">
      <Filter>lib\api</Filter>
    </ClCompile>
    <ClCompile Include="load.cpp">
      <Filter>lib\language</Filter>
    </ClCompile>
    <ClCompile Include="visitor.cpp">
      <Filter>lib\language\ast</Filter>
    </ClCompile>
    <ClCompile Include="icanvasnode.cpp">
      <Filter>lib\nodes\canvas</Filter>
    </ClCompile>
    <ClCompile Include="ihistogramnode.cpp">
      <Filter>lib\nodes\histogram</Filter>
    </ClCompile>
    <ClCompile Include="inode.cpp">
      <Filter>lib\nodes</Filter>
    </ClCompile>
  </ItemGroup>
  <ItemGroup>
    <ClInclude Include="handle.h">
      <Filter>lib\api</Filter>
    </ClInclude>
    <ClInclude Include="gpu.h">
      <Filter>lib\primatives\gpu</Filter>
    </ClInclude>
    <ClInclude Include="iwindow.h">
      <Filter>lib\primatives\window</Filter>
    </ClInclude>
    <ClInclude Include="itextnode.h">
      <Filter>lib\nodes\text</Filter>
    </ClInclude>
    <ClInclude Include="igraphnode.h">
      <Filter>lib\nodes\graph</Filter>
    </ClInclude>
    <ClInclude Include="iimagenode.h">
      <Filter>lib\nodes\image</Filter>
    </ClInclude>
    <ClInclude Include="lintel.h">
      <Filter>lib\api</Filter>
    </ClInclude>
    <ClInclude Include="lexer.h">
      <Filter>lib\language\parser</Filter>
    </ClInclude>
    <ClInclude Include="ast.h">
      <Filter>lib\language\ast</Filter>
    </ClInclude>
    <ClInclude Include="include.h">
      <Filter>lib</Filter>
    </ClInclude>
    <ClInclude Include="canvas.h">
      <Filter>lib\primatives\gpu</Filter>
    </ClInclude>
    <ClInclude Include="document.h">
      <Filter>lib\document</Filter>
    </ClInclude>
    <ClInclude Include="visitor.h">
      <Filter>lib\language\ast</Filter>
    </ClInclude>
    <ClInclude Include="icanvasnode.h">
      <Filter>lib\nodes\canvas</Filter>
    </ClInclude>
    <ClInclude Include="ihistogramnode.h">
      <Filter>lib\nodes\histogram</Filter>
    </ClInclude>
    <ClInclude Include="plot_common.h">
      <Filter>lib\nodes\common</Filter>
    </ClInclude>
    <ClInclude Include="inode.h">
      <Filter>lib\nodes</Filter>
    </ClInclude>
    <ClInclude Include="igeometry.h">
      <Filter>lib\nodes\canvas</Filter>
    </ClInclude>
  </ItemGroup>
  <ItemGroup>
    <None Include="language.md">
      <Filter>src</Filter>
    </None>
    <None Include="test.ltl">
      <Filter>src</Filter>
    </None>
    <None Include="README.md">
      <Filter>github</Filter>
    </None>
  </ItemGroup>
  <ItemGroup>
    <Image Include="image.jpg">
      <Filter>src</Filter>
    </Image>
  </ItemGroup>
  <ItemGroup>
    <Text Include="LICENSE.txt">
      <Filter>github</Filter>
    </Text>
  </ItemGroup>
</Project>