<?xml version="1.0" encoding="utf-8"?>
<Project ToolsVersion="4.0" xmlns="http://schemas.microsoft.com/developer/msbuild/2003">
  <ItemGroup>
    <Filter Include="lib">
      <UniqueIdentifier>{4e8b4e30-9cf9-42a4-a82f-34005fe7b29b}</UniqueIdentifier>
    </Filter>
    <Filter Include="src">
      <UniqueIdentifier>{c830aa5f-c4cc-4ad6-b7f3-34fa96747149}</UniqueIdentifier>
    </Filter>
    <Filter Include="lib\core">
      <UniqueIdentifier>{e4e43b06-b9f2-424a-b444-aa4c4d55c3ff}</UniqueIdentifier>
    </Filter>
    <Filter Include="lib\api">
      <UniqueIdentifier>{9a76d90c-c5d7-4900-8224-adf682be1717}</UniqueIdentifier>
    </Filter>
    <Filter Include="lib\core\gpu">
      <UniqueIdentifier>{b1ba17ee-f9da-400b-bc07-7cf23fbb52b4}</UniqueIdentifier>
    </Filter>
    <Filter Include="lib\core\canvas">
      <UniqueIdentifier>{d010ac7f-9aed-4b25-8304-6e484145d76c}</UniqueIdentifier>
    </Filter>
    <Filter Include="lib\window">
      <UniqueIdentifier>{ba48dd07-da70-4fce-83f4-299fd1a6cc62}</UniqueIdentifier>
    </Filter>
    <Filter Include="lib\node">
      <UniqueIdentifier>{c9bca3fb-f7da-4582-b031-34e9d2fc98eb}</UniqueIdentifier>
    </Filter>
    <Filter Include="lib\node\graph">
      <UniqueIdentifier>{b6cfe4b5-2a08-4e6d-b58c-faa95ea11e7c}</UniqueIdentifier>
    </Filter>
    <Filter Include="lib\node\image">
      <UniqueIdentifier>{841ed894-d29a-4943-9dca-ae69375618bf}</UniqueIdentifier>
    </Filter>
    <Filter Include="lib\node\node">
      <UniqueIdentifier>{b97e22e1-ebf0-438a-9052-cc0caf47a2a8}</UniqueIdentifier>
    </Filter>
    <Filter Include="lib\framework">
      <UniqueIdentifier>{a82a1254-6ff9-4139-a9f3-e902cd7b0efa}</UniqueIdentifier>
    </Filter>
    <Filter Include="lib\node\text node">
      <UniqueIdentifier>{042f426d-8751-4da4-9b8e-1911dd0bfd18}</UniqueIdentifier>
    </Filter>
    <Filter Include="lib\stylesheet">
      <UniqueIdentifier>{c5ad18c5-e0f1-4f60-9311-096c32174048}</UniqueIdentifier>
    </Filter>
    <Filter Include="lib\stylesheet\parser">
      <UniqueIdentifier>{a4394686-e428-4f10-8ae4-c40205d89899}</UniqueIdentifier>
    </Filter>
    <Filter Include="lib\stylesheet\ast">
      <UniqueIdentifier>{61b835ba-811c-4372-9823-3de2dbecd34f}</UniqueIdentifier>
    </Filter>
    <Filter Include="lib\stylesheet\load">
      <UniqueIdentifier>{5e6552b1-ebdb-4314-9ce9-b10770751648}</UniqueIdentifier>
    </Filter>
  </ItemGroup>
  <ItemGroup>
    <ClCompile Include="core.cpp">
      <Filter>lib\core</Filter>
    </ClCompile>
    <ClCompile Include="gpu.cpp">
      <Filter>lib\core\gpu</Filter>
    </ClCompile>
    <ClCompile Include="iwindow.cpp">
      <Filter>lib\window</Filter>
    </ClCompile>
    <ClCompile Include="inode.cpp">
      <Filter>lib\node\node</Filter>
    </ClCompile>
    <ClCompile Include="itextnode.cpp">
      <Filter>lib\node\text node</Filter>
    </ClCompile>
    <ClCompile Include="igraphnode.cpp">
      <Filter>lib\node\graph</Filter>
    </ClCompile>
    <ClCompile Include="canvas.cpp">
      <Filter>lib\core\canvas</Filter>
    </ClCompile>
    <ClCompile Include="iimagenode.cpp">
      <Filter>lib\node\image</Filter>
    </ClCompile>
    <ClCompile Include="main.cpp">
      <Filter>src</Filter>
    </ClCompile>
    <ClCompile Include="lintel.cpp">
      <Filter>lib\api</Filter>
    </ClCompile>
    <ClCompile Include="framework.cpp">
      <Filter>lib\framework</Filter>
    </ClCompile>
    <ClCompile Include="lexer.cpp">
      <Filter>lib\stylesheet\parser</Filter>
    </ClCompile>
    <ClCompile Include="parser.cpp">
      <Filter>lib\stylesheet\parser</Filter>
    </ClCompile>
    <ClCompile Include="parser.h">
      <Filter>lib\stylesheet\parser</Filter>
    </ClCompile>
    <ClCompile Include="ast.cpp">
      <Filter>lib\stylesheet\ast</Filter>
    </ClCompile>
    <ClCompile Include="load.cpp">
      <Filter>lib\stylesheet\load</Filter>
    </ClCompile>
    <ClCompile Include="visitor.cpp">
      <Filter>lib\stylesheet\load</Filter>
    </ClCompile>
    <ClCompile Include="stylesheet.cpp">
      <Filter>lib\api</Filter>
    </ClCompile>
  </ItemGroup>
  <ItemGroup>
    <ClInclude Include="core.h">
      <Filter>lib\core</Filter>
    </ClInclude>
    <ClInclude Include="handle.h">
      <Filter>lib\api</Filter>
    </ClInclude>
    <ClInclude Include="gpu.h">
      <Filter>lib\core\gpu</Filter>
    </ClInclude>
    <ClInclude Include="iwindow.h">
      <Filter>lib\window</Filter>
    </ClInclude>
    <ClInclude Include="inode.h">
      <Filter>lib\node\node</Filter>
    </ClInclude>
    <ClInclude Include="itextnode.h">
      <Filter>lib\node\text node</Filter>
    </ClInclude>
    <ClInclude Include="igraphnode.h">
      <Filter>lib\node\graph</Filter>
    </ClInclude>
    <ClInclude Include="canvas.h">
      <Filter>lib\core\canvas</Filter>
    </ClInclude>
    <ClInclude Include="iimagenode.h">
      <Filter>lib\node\image</Filter>
    </ClInclude>
    <ClInclude Include="lintel.h">
      <Filter>lib\api</Filter>
    </ClInclude>
    <ClInclude Include="types.h">
      <Filter>lib\api</Filter>
    </ClInclude>
    <ClInclude Include="framework.h">
      <Filter>lib\framework</Filter>
    </ClInclude>
    <ClInclude Include="lexer.h">
      <Filter>lib\stylesheet\parser</Filter>
    </ClInclude>
    <ClInclude Include="ast.h">
      <Filter>lib\stylesheet\ast</Filter>
    </ClInclude>
    <ClInclude Include="visitor.h">
      <Filter>lib\stylesheet\load</Filter>
    </ClInclude>
    <ClInclude Include="include.h">
      <Filter>lib</Filter>
    </ClInclude>
    <ClInclude Include="stylesheet.h">
      <Filter>lib\api</Filter>
    </ClInclude>
  </ItemGroup>
  <ItemGroup>
    <None Include="ui.ltl">
      <Filter>src</Filter>
    </None>
    <None Include="language.md">
      <Filter>src</Filter>
    </None>
  </ItemGroup>
  <ItemGroup>
    <Image Include="image.jpg">
      <Filter>src</Filter>
    </Image>
  </ItemGroup>
</Project>